// !$*UTF8*$!
{
	archiveVersion = 1;
	classes = {
	};
	objectVersion = 46;
	objects = {

/* Begin PBXBuildFile section */
		21CC061D1DCE6A3B00012157 /* AppDelegate.swift in Sources */ = {isa = PBXBuildFile; fileRef = 21CC061C1DCE6A3B00012157 /* AppDelegate.swift */; };
		21CC061F1DCE6A3B00012157 /* ViewController.swift in Sources */ = {isa = PBXBuildFile; fileRef = 21CC061E1DCE6A3B00012157 /* ViewController.swift */; };
		21CC06221DCE6A3B00012157 /* Main.storyboard in Resources */ = {isa = PBXBuildFile; fileRef = 21CC06201DCE6A3B00012157 /* Main.storyboard */; };
		21CC06241DCE6A3B00012157 /* Assets.xcassets in Resources */ = {isa = PBXBuildFile; fileRef = 21CC06231DCE6A3B00012157 /* Assets.xcassets */; };
		21CC06271DCE6A3B00012157 /* LaunchScreen.storyboard in Resources */ = {isa = PBXBuildFile; fileRef = 21CC06251DCE6A3B00012157 /* LaunchScreen.storyboard */; };
		21CC06321DCE6A3B00012157 /* WebViewAndHiddenStatusBarTests.swift in Sources */ = {isa = PBXBuildFile; fileRef = 21CC06311DCE6A3B00012157 /* WebViewAndHiddenStatusBarTests.swift */; };
		21CC063D1DCE6A3B00012157 /* WebViewAndHiddenStatusBarUITests.swift in Sources */ = {isa = PBXBuildFile; fileRef = 21CC063C1DCE6A3B00012157 /* WebViewAndHiddenStatusBarUITests.swift */; };
/* End PBXBuildFile section */

/* Begin PBXContainerItemProxy section */
		21CC062E1DCE6A3B00012157 /* PBXContainerItemProxy */ = {
			isa = PBXContainerItemProxy;
			containerPortal = 21CC06111DCE6A3B00012157 /* Project object */;
			proxyType = 1;
			remoteGlobalIDString = 21CC06181DCE6A3B00012157;
			remoteInfo = WebViewAndHiddenStatusBar;
		};
		21CC06391DCE6A3B00012157 /* PBXContainerItemProxy */ = {
			isa = PBXContainerItemProxy;
			containerPortal = 21CC06111DCE6A3B00012157 /* Project object */;
			proxyType = 1;
			remoteGlobalIDString = 21CC06181DCE6A3B00012157;
			remoteInfo = WebViewAndHiddenStatusBar;
		};
/* End PBXContainerItemProxy section */

/* Begin PBXFileReference section */
		21CC06191DCE6A3B00012157 /* WebViewAndHiddenStatusBar.app */ = {isa = PBXFileReference; explicitFileType = wrapper.application; includeInIndex = 0; path = WebViewAndHiddenStatusBar.app; sourceTree = BUILT_PRODUCTS_DIR; };
		21CC061C1DCE6A3B00012157 /* AppDelegate.swift */ = {isa = PBXFileReference; lastKnownFileType = sourcecode.swift; path = AppDelegate.swift; sourceTree = "<group>"; };
		21CC061E1DCE6A3B00012157 /* ViewController.swift */ = {isa = PBXFileReference; lastKnownFileType = sourcecode.swift; path = ViewController.swift; sourceTree = "<group>"; };
		21CC06211DCE6A3B00012157 /* Base */ = {isa = PBXFileReference; lastKnownFileType = file.storyboard; name = Base; path = Base.lproj/Main.storyboard; sourceTree = "<group>"; };
		21CC06231DCE6A3B00012157 /* Assets.xcassets */ = {isa = PBXFileReference; lastKnownFileType = folder.assetcatalog; path = Assets.xcassets; sourceTree = "<group>"; };
		21CC06261DCE6A3B00012157 /* Base */ = {isa = PBXFileReference; lastKnownFileType = file.storyboard; name = Base; path = Base.lproj/LaunchScreen.storyboard; sourceTree = "<group>"; };
		21CC06281DCE6A3B00012157 /* Info.plist */ = {isa = PBXFileReference; lastKnownFileType = text.plist.xml; path = Info.plist; sourceTree = "<group>"; };
		21CC062D1DCE6A3B00012157 /* WebViewAndHiddenStatusBarTests.xctest */ = {isa = PBXFileReference; explicitFileType = wrapper.cfbundle; includeInIndex = 0; path = WebViewAndHiddenStatusBarTests.xctest; sourceTree = BUILT_PRODUCTS_DIR; };
		21CC06311DCE6A3B00012157 /* WebViewAndHiddenStatusBarTests.swift */ = {isa = PBXFileReference; lastKnownFileType = sourcecode.swift; path = WebViewAndHiddenStatusBarTests.swift; sourceTree = "<group>"; };
		21CC06331DCE6A3B00012157 /* Info.plist */ = {isa = PBXFileReference; lastKnownFileType = text.plist.xml; path = Info.plist; sourceTree = "<group>"; };
		21CC06381DCE6A3B00012157 /* WebViewAndHiddenStatusBarUITests.xctest */ = {isa = PBXFileReference; explicitFileType = wrapper.cfbundle; includeInIndex = 0; path = WebViewAndHiddenStatusBarUITests.xctest; sourceTree = BUILT_PRODUCTS_DIR; };
		21CC063C1DCE6A3B00012157 /* WebViewAndHiddenStatusBarUITests.swift */ = {isa = PBXFileReference; lastKnownFileType = sourcecode.swift; path = WebViewAndHiddenStatusBarUITests.swift; sourceTree = "<group>"; };
		21CC063E1DCE6A3B00012157 /* Info.plist */ = {isa = PBXFileReference; lastKnownFileType = text.plist.xml; path = Info.plist; sourceTree = "<group>"; };
/* End PBXFileReference section */

/* Begin PBXFrameworksBuildPhase section */
		21CC06161DCE6A3B00012157 /* Frameworks */ = {
			isa = PBXFrameworksBuildPhase;
			buildActionMask = 2147483647;
			files = (
			);
			runOnlyForDeploymentPostprocessing = 0;
		};
		21CC062A1DCE6A3B00012157 /* Frameworks */ = {
			isa = PBXFrameworksBuildPhase;
			buildActionMask = 2147483647;
			files = (
			);
			runOnlyForDeploymentPostprocessing = 0;
		};
		21CC06351DCE6A3B00012157 /* Frameworks */ = {
			isa = PBXFrameworksBuildPhase;
			buildActionMask = 2147483647;
			files = (
			);
			runOnlyForDeploymentPostprocessing = 0;
		};
/* End PBXFrameworksBuildPhase section */

/* Begin PBXGroup section */
		21CC06101DCE6A3B00012157 = {
			isa = PBXGroup;
			children = (
				21CC061B1DCE6A3B00012157 /* WebViewAndHiddenStatusBar */,
				21CC06301DCE6A3B00012157 /* WebViewAndHiddenStatusBarTests */,
				21CC063B1DCE6A3B00012157 /* WebViewAndHiddenStatusBarUITests */,
				21CC061A1DCE6A3B00012157 /* Products */,
			);
			sourceTree = "<group>";
		};
		21CC061A1DCE6A3B00012157 /* Products */ = {
			isa = PBXGroup;
			children = (
				21CC06191DCE6A3B00012157 /* WebViewAndHiddenStatusBar.app */,
				21CC062D1DCE6A3B00012157 /* WebViewAndHiddenStatusBarTests.xctest */,
				21CC06381DCE6A3B00012157 /* WebViewAndHiddenStatusBarUITests.xctest */,
			);
			name = Products;
			sourceTree = "<group>";
		};
		21CC061B1DCE6A3B00012157 /* WebViewAndHiddenStatusBar */ = {
			isa = PBXGroup;
			children = (
				21CC061C1DCE6A3B00012157 /* AppDelegate.swift */,
				21CC061E1DCE6A3B00012157 /* ViewController.swift */,
				21CC06201DCE6A3B00012157 /* Main.storyboard */,
				21CC06231DCE6A3B00012157 /* Assets.xcassets */,
				21CC06251DCE6A3B00012157 /* LaunchScreen.storyboard */,
				21CC06281DCE6A3B00012157 /* Info.plist */,
			);
			path = WebViewAndHiddenStatusBar;
			sourceTree = "<group>";
		};
		21CC06301DCE6A3B00012157 /* WebViewAndHiddenStatusBarTests */ = {
			isa = PBXGroup;
			children = (
				21CC06311DCE6A3B00012157 /* WebViewAndHiddenStatusBarTests.swift */,
				21CC06331DCE6A3B00012157 /* Info.plist */,
			);
			path = WebViewAndHiddenStatusBarTests;
			sourceTree = "<group>";
		};
		21CC063B1DCE6A3B00012157 /* WebViewAndHiddenStatusBarUITests */ = {
			isa = PBXGroup;
			children = (
				21CC063C1DCE6A3B00012157 /* WebViewAndHiddenStatusBarUITests.swift */,
				21CC063E1DCE6A3B00012157 /* Info.plist */,
			);
			path = WebViewAndHiddenStatusBarUITests;
			sourceTree = "<group>";
		};
/* End PBXGroup section */

/* Begin PBXNativeTarget section */
		21CC06181DCE6A3B00012157 /* WebViewAndHiddenStatusBar */ = {
			isa = PBXNativeTarget;
			buildConfigurationList = 21CC06411DCE6A3B00012157 /* Build configuration list for PBXNativeTarget "WebViewAndHiddenStatusBar" */;
			buildPhases = (
				21CC06151DCE6A3B00012157 /* Sources */,
				21CC06161DCE6A3B00012157 /* Frameworks */,
				21CC06171DCE6A3B00012157 /* Resources */,
			);
			buildRules = (
			);
			dependencies = (
			);
			name = WebViewAndHiddenStatusBar;
			productName = WebViewAndHiddenStatusBar;
			productReference = 21CC06191DCE6A3B00012157 /* WebViewAndHiddenStatusBar.app */;
			productType = "com.apple.product-type.application";
		};
		21CC062C1DCE6A3B00012157 /* WebViewAndHiddenStatusBarTests */ = {
			isa = PBXNativeTarget;
			buildConfigurationList = 21CC06441DCE6A3B00012157 /* Build configuration list for PBXNativeTarget "WebViewAndHiddenStatusBarTests" */;
			buildPhases = (
				21CC06291DCE6A3B00012157 /* Sources */,
				21CC062A1DCE6A3B00012157 /* Frameworks */,
				21CC062B1DCE6A3B00012157 /* Resources */,
			);
			buildRules = (
			);
			dependencies = (
				21CC062F1DCE6A3B00012157 /* PBXTargetDependency */,
			);
			name = WebViewAndHiddenStatusBarTests;
			productName = WebViewAndHiddenStatusBarTests;
			productReference = 21CC062D1DCE6A3B00012157 /* WebViewAndHiddenStatusBarTests.xctest */;
			productType = "com.apple.product-type.bundle.unit-test";
		};
		21CC06371DCE6A3B00012157 /* WebViewAndHiddenStatusBarUITests */ = {
			isa = PBXNativeTarget;
			buildConfigurationList = 21CC06471DCE6A3B00012157 /* Build configuration list for PBXNativeTarget "WebViewAndHiddenStatusBarUITests" */;
			buildPhases = (
				21CC06341DCE6A3B00012157 /* Sources */,
				21CC06351DCE6A3B00012157 /* Frameworks */,
				21CC06361DCE6A3B00012157 /* Resources */,
			);
			buildRules = (
			);
			dependencies = (
				21CC063A1DCE6A3B00012157 /* PBXTargetDependency */,
			);
			name = WebViewAndHiddenStatusBarUITests;
			productName = WebViewAndHiddenStatusBarUITests;
			productReference = 21CC06381DCE6A3B00012157 /* WebViewAndHiddenStatusBarUITests.xctest */;
			productType = "com.apple.product-type.bundle.ui-testing";
		};
/* End PBXNativeTarget section */

/* Begin PBXProject section */
		21CC06111DCE6A3B00012157 /* Project object */ = {
			isa = PBXProject;
			attributes = {
				LastSwiftUpdateCheck = 0810;
				LastUpgradeCheck = 0810;
				ORGANIZATIONNAME = "Arda SENTURK";
				TargetAttributes = {
					21CC06181DCE6A3B00012157 = {
						CreatedOnToolsVersion = 8.1;
						DevelopmentTeam = 5JMD3VSD7N;
						ProvisioningStyle = Automatic;
					};
					21CC062C1DCE6A3B00012157 = {
						CreatedOnToolsVersion = 8.1;
						DevelopmentTeam = 5JMD3VSD7N;
						ProvisioningStyle = Automatic;
						TestTargetID = 21CC06181DCE6A3B00012157;
					};
					21CC06371DCE6A3B00012157 = {
						CreatedOnToolsVersion = 8.1;
						DevelopmentTeam = 5JMD3VSD7N;
						ProvisioningStyle = Automatic;
						TestTargetID = 21CC06181DCE6A3B00012157;
					};
				};
			};
			buildConfigurationList = 21CC06141DCE6A3B00012157 /* Build configuration list for PBXProject "WebViewAndHiddenStatusBar" */;
			compatibilityVersion = "Xcode 3.2";
			developmentRegion = English;
			hasScannedForEncodings = 0;
			knownRegions = (
				en,
				Base,
			);
			mainGroup = 21CC06101DCE6A3B00012157;
			productRefGroup = 21CC061A1DCE6A3B00012157 /* Products */;
			projectDirPath = "";
			projectRoot = "";
			targets = (
				21CC06181DCE6A3B00012157 /* WebViewAndHiddenStatusBar */,
				21CC062C1DCE6A3B00012157 /* WebViewAndHiddenStatusBarTests */,
				21CC06371DCE6A3B00012157 /* WebViewAndHiddenStatusBarUITests */,
			);
		};
/* End PBXProject section */

/* Begin PBXResourcesBuildPhase section */
		21CC06171DCE6A3B00012157 /* Resources */ = {
			isa = PBXResourcesBuildPhase;
			buildActionMask = 2147483647;
			files = (
				21CC06271DCE6A3B00012157 /* LaunchScreen.storyboard in Resources */,
				21CC06241DCE6A3B00012157 /* Assets.xcassets in Resources */,
				21CC06221DCE6A3B00012157 /* Main.storyboard in Resources */,
			);
			runOnlyForDeploymentPostprocessing = 0;
		};
		21CC062B1DCE6A3B00012157 /* Resources */ = {
			isa = PBXResourcesBuildPhase;
			buildActionMask = 2147483647;
			files = (
			);
			runOnlyForDeploymentPostprocessing = 0;
		};
		21CC06361DCE6A3B00012157 /* Resources */ = {
			isa = PBXResourcesBuildPhase;
			buildActionMask = 2147483647;
			files = (
			);
			runOnlyForDeploymentPostprocessing = 0;
		};
/* End PBXResourcesBuildPhase section */

/* Begin PBXSourcesBuildPhase section */
		21CC06151DCE6A3B00012157 /* Sources */ = {
			isa = PBXSourcesBuildPhase;
			buildActionMask = 2147483647;
			files = (
				21CC061F1DCE6A3B00012157 /* ViewController.swift in Sources */,
				21CC061D1DCE6A3B00012157 /* AppDelegate.swift in Sources */,
			);
			runOnlyForDeploymentPostprocessing = 0;
		};
		21CC06291DCE6A3B00012157 /* Sources */ = {
			isa = PBXSourcesBuildPhase;
			buildActionMask = 2147483647;
			files = (
				21CC06321DCE6A3B00012157 /* WebViewAndHiddenStatusBarTests.swift in Sources */,
			);
			runOnlyForDeploymentPostprocessing = 0;
		};
		21CC06341DCE6A3B00012157 /* Sources */ = {
			isa = PBXSourcesBuildPhase;
			buildActionMask = 2147483647;
			files = (
				21CC063D1DCE6A3B00012157 /* WebViewAndHiddenStatusBarUITests.swift in Sources */,
			);
			runOnlyForDeploymentPostprocessing = 0;
		};
/* End PBXSourcesBuildPhase section */

/* Begin PBXTargetDependency section */
		21CC062F1DCE6A3B00012157 /* PBXTargetDependency */ = {
			isa = PBXTargetDependency;
			target = 21CC06181DCE6A3B00012157 /* WebViewAndHiddenStatusBar */;
			targetProxy = 21CC062E1DCE6A3B00012157 /* PBXContainerItemProxy */;
		};
		21CC063A1DCE6A3B00012157 /* PBXTargetDependency */ = {
			isa = PBXTargetDependency;
			target = 21CC06181DCE6A3B00012157 /* WebViewAndHiddenStatusBar */;
			targetProxy = 21CC06391DCE6A3B00012157 /* PBXContainerItemProxy */;
		};
/* End PBXTargetDependency section */

/* Begin PBXVariantGroup section */
		21CC06201DCE6A3B00012157 /* Main.storyboard */ = {
			isa = PBXVariantGroup;
			children = (
				21CC06211DCE6A3B00012157 /* Base */,
			);
			name = Main.storyboard;
			sourceTree = "<group>";
		};
		21CC06251DCE6A3B00012157 /* LaunchScreen.storyboard */ = {
			isa = PBXVariantGroup;
			children = (
				21CC06261DCE6A3B00012157 /* Base */,
			);
			name = LaunchScreen.storyboard;
			sourceTree = "<group>";
		};
/* End PBXVariantGroup section */

/* Begin XCBuildConfiguration section */
		21CC063F1DCE6A3B00012157 /* Debug */ = {
			isa = XCBuildConfiguration;
			buildSettings = {
				ALWAYS_SEARCH_USER_PATHS = NO;
				CLANG_ANALYZER_NONNULL = YES;
				CLANG_CXX_LANGUAGE_STANDARD = "gnu++0x";
				CLANG_CXX_LIBRARY = "libc++";
				CLANG_ENABLE_MODULES = YES;
				CLANG_ENABLE_OBJC_ARC = YES;
				CLANG_WARN_BOOL_CONVERSION = YES;
				CLANG_WARN_CONSTANT_CONVERSION = YES;
				CLANG_WARN_DIRECT_OBJC_ISA_USAGE = YES_ERROR;
				CLANG_WARN_DOCUMENTATION_COMMENTS = YES;
				CLANG_WARN_EMPTY_BODY = YES;
				CLANG_WARN_ENUM_CONVERSION = YES;
				CLANG_WARN_INFINITE_RECURSION = YES;
				CLANG_WARN_INT_CONVERSION = YES;
				CLANG_WARN_OBJC_ROOT_CLASS = YES_ERROR;
				CLANG_WARN_SUSPICIOUS_MOVES = YES;
				CLANG_WARN_UNREACHABLE_CODE = YES;
				CLANG_WARN__DUPLICATE_METHOD_MATCH = YES;
				"CODE_SIGN_IDENTITY[sdk=iphoneos*]" = "iPhone Developer";
				COPY_PHASE_STRIP = NO;
				DEBUG_INFORMATION_FORMAT = dwarf;
				ENABLE_STRICT_OBJC_MSGSEND = YES;
				ENABLE_TESTABILITY = YES;
				GCC_C_LANGUAGE_STANDARD = gnu99;
				GCC_DYNAMIC_NO_PIC = NO;
				GCC_NO_COMMON_BLOCKS = YES;
				GCC_OPTIMIZATION_LEVEL = 0;
				GCC_PREPROCESSOR_DEFINITIONS = (
					"DEBUG=1",
					"$(inherited)",
				);
				GCC_WARN_64_TO_32_BIT_CONVERSION = YES;
				GCC_WARN_ABOUT_RETURN_TYPE = YES_ERROR;
				GCC_WARN_UNDECLARED_SELECTOR = YES;
				GCC_WARN_UNINITIALIZED_AUTOS = YES_AGGRESSIVE;
				GCC_WARN_UNUSED_FUNCTION = YES;
				GCC_WARN_UNUSED_VARIABLE = YES;
				IPHONEOS_DEPLOYMENT_TARGET = 10.1;
				MTL_ENABLE_DEBUG_INFO = YES;
				ONLY_ACTIVE_ARCH = YES;
				SDKROOT = iphoneos;
				SWIFT_ACTIVE_COMPILATION_CONDITIONS = DEBUG;
				SWIFT_OPTIMIZATION_LEVEL = "-Onone";
			};
			name = Debug;
		};
		21CC06401DCE6A3B00012157 /* Release */ = {
			isa = XCBuildConfiguration;
			buildSettings = {
				ALWAYS_SEARCH_USER_PATHS = NO;
				CLANG_ANALYZER_NONNULL = YES;
				CLANG_CXX_LANGUAGE_STANDARD = "gnu++0x";
				CLANG_CXX_LIBRARY = "libc++";
				CLANG_ENABLE_MODULES = YES;
				CLANG_ENABLE_OBJC_ARC = YES;
				CLANG_WARN_BOOL_CONVERSION = YES;
				CLANG_WARN_CONSTANT_CONVERSION = YES;
				CLANG_WARN_DIRECT_OBJC_ISA_USAGE = YES_ERROR;
				CLANG_WARN_DOCUMENTATION_COMMENTS = YES;
				CLANG_WARN_EMPTY_BODY = YES;
				CLANG_WARN_ENUM_CONVERSION = YES;
				CLANG_WARN_INFINITE_RECURSION = YES;
				CLANG_WARN_INT_CONVERSION = YES;
				CLANG_WARN_OBJC_ROOT_CLASS = YES_ERROR;
				CLANG_WARN_SUSPICIOUS_MOVES = YES;
				CLANG_WARN_UNREACHABLE_CODE = YES;
				CLANG_WARN__DUPLICATE_METHOD_MATCH = YES;
				"CODE_SIGN_IDENTITY[sdk=iphoneos*]" = "iPhone Developer";
				COPY_PHASE_STRIP = NO;
				DEBUG_INFORMATION_FORMAT = "dwarf-with-dsym";
				ENABLE_NS_ASSERTIONS = NO;
				ENABLE_STRICT_OBJC_MSGSEND = YES;
				GCC_C_LANGUAGE_STANDARD = gnu99;
				GCC_NO_COMMON_BLOCKS = YES;
				GCC_WARN_64_TO_32_BIT_CONVERSION = YES;
				GCC_WARN_ABOUT_RETURN_TYPE = YES_ERROR;
				GCC_WARN_UNDECLARED_SELECTOR = YES;
				GCC_WARN_UNINITIALIZED_AUTOS = YES_AGGRESSIVE;
				GCC_WARN_UNUSED_FUNCTION = YES;
				GCC_WARN_UNUSED_VARIABLE = YES;
				IPHONEOS_DEPLOYMENT_TARGET = 10.1;
				MTL_ENABLE_DEBUG_INFO = NO;
				SDKROOT = iphoneos;
				SWIFT_OPTIMIZATION_LEVEL = "-Owholemodule";
				VALIDATE_PRODUCT = YES;
			};
			name = Release;
		};
		21CC06421DCE6A3B00012157 /* Debug */ = {
			isa = XCBuildConfiguration;
			buildSettings = {
				ASSETCATALOG_COMPILER_APPICON_NAME = AppIcon;
				DEVELOPMENT_TEAM = 5JMD3VSD7N;
				INFOPLIST_FILE = WebViewAndHiddenStatusBar/Info.plist;
				LD_RUNPATH_SEARCH_PATHS = "$(inherited) @executable_path/Frameworks";
				PRODUCT_BUNDLE_IDENTIFIER = com.ardasnturk.WebViewAndHiddenStatusBar;
				PRODUCT_NAME = "$(TARGET_NAME)";
				SWIFT_VERSION = 3.0;
			};
			name = Debug;
		};
		21CC06431DCE6A3B00012157 /* Release */ = {
			isa = XCBuildConfiguration;
			buildSettings = {
				ASSETCATALOG_COMPILER_APPICON_NAME = AppIcon;
				DEVELOPMENT_TEAM = 5JMD3VSD7N;
				INFOPLIST_FILE = WebViewAndHiddenStatusBar/Info.plist;
				LD_RUNPATH_SEARCH_PATHS = "$(inherited) @executable_path/Frameworks";
				PRODUCT_BUNDLE_IDENTIFIER = com.ardasnturk.WebViewAndHiddenStatusBar;
				PRODUCT_NAME = "$(TARGET_NAME)";
				SWIFT_VERSION = 3.0;
			};
			name = Release;
		};
		21CC06451DCE6A3B00012157 /* Debug */ = {
			isa = XCBuildConfiguration;
			buildSettings = {
				ALWAYS_EMBED_SWIFT_STANDARD_LIBRARIES = YES;
				BUNDLE_LOADER = "$(TEST_HOST)";
				DEVELOPMENT_TEAM = 5JMD3VSD7N;
				INFOPLIST_FILE = WebViewAndHiddenStatusBarTests/Info.plist;
				LD_RUNPATH_SEARCH_PATHS = "$(inherited) @executable_path/Frameworks @loader_path/Frameworks";
				PRODUCT_BUNDLE_IDENTIFIER = com.ardasnturk.WebViewAndHiddenStatusBarTests;
				PRODUCT_NAME = "$(TARGET_NAME)";
				SWIFT_VERSION = 3.0;
				TEST_HOST = "$(BUILT_PRODUCTS_DIR)/WebViewAndHiddenStatusBar.app/WebViewAndHiddenStatusBar";
			};
			name = Debug;
		};
		21CC06461DCE6A3B00012157 /* Release */ = {
			isa = XCBuildConfiguration;
			buildSettings = {
				ALWAYS_EMBED_SWIFT_STANDARD_LIBRARIES = YES;
				BUNDLE_LOADER = "$(TEST_HOST)";
				DEVELOPMENT_TEAM = 5JMD3VSD7N;
				INFOPLIST_FILE = WebViewAndHiddenStatusBarTests/Info.plist;
				LD_RUNPATH_SEARCH_PATHS = "$(inherited) @executable_path/Frameworks @loader_path/Frameworks";
				PRODUCT_BUNDLE_IDENTIFIER = com.ardasnturk.WebViewAndHiddenStatusBarTests;
				PRODUCT_NAME = "$(TARGET_NAME)";
				SWIFT_VERSION = 3.0;
				TEST_HOST = "$(BUILT_PRODUCTS_DIR)/WebViewAndHiddenStatusBar.app/WebViewAndHiddenStatusBar";
			};
			name = Release;
		};
		21CC06481DCE6A3B00012157 /* Debug */ = {
			isa = XCBuildConfiguration;
			buildSettings = {
				ALWAYS_EMBED_SWIFT_STANDARD_LIBRARIES = YES;
				DEVELOPMENT_TEAM = 5JMD3VSD7N;
				INFOPLIST_FILE = WebViewAndHiddenStatusBarUITests/Info.plist;
				LD_RUNPATH_SEARCH_PATHS = "$(inherited) @executable_path/Frameworks @loader_path/Frameworks";
				PRODUCT_BUNDLE_IDENTIFIER = com.ardasnturk.WebViewAndHiddenStatusBarUITests;
				PRODUCT_NAME = "$(TARGET_NAME)";
				SWIFT_VERSION = 3.0;
				TEST_TARGET_NAME = WebViewAndHiddenStatusBar;
			};
			name = Debug;
		};
		21CC06491DCE6A3B00012157 /* Release */ = {
			isa = XCBuildConfiguration;
			buildSettings = {
				ALWAYS_EMBED_SWIFT_STANDARD_LIBRARIES = YES;
				DEVELOPMENT_TEAM = 5JMD3VSD7N;
				INFOPLIST_FILE = WebViewAndHiddenStatusBarUITests/Info.plist;
				LD_RUNPATH_SEARCH_PATHS = "$(inherited) @executable_path/Frameworks @loader_path/Frameworks";
				PRODUCT_BUNDLE_IDENTIFIER = com.ardasnturk.WebViewAndHiddenStatusBarUITests;
				PRODUCT_NAME = "$(TARGET_NAME)";
				SWIFT_VERSION = 3.0;
				TEST_TARGET_NAME = WebViewAndHiddenStatusBar;
			};
			name = Release;
		};
/* End XCBuildConfiguration section */

/* Begin XCConfigurationList section */
		21CC06141DCE6A3B00012157 /* Build configuration list for PBXProject "WebViewAndHiddenStatusBar" */ = {
			isa = XCConfigurationList;
			buildConfigurations = (
				21CC063F1DCE6A3B00012157 /* Debug */,
				21CC06401DCE6A3B00012157 /* Release */,
			);
			defaultConfigurationIsVisible = 0;
			defaultConfigurationName = Release;
		};
		21CC06411DCE6A3B00012157 /* Build configuration list for PBXNativeTarget "WebViewAndHiddenStatusBar" */ = {
			isa = XCConfigurationList;
			buildConfigurations = (
				21CC06421DCE6A3B00012157 /* Debug */,
				21CC06431DCE6A3B00012157 /* Release */,
			);
			defaultConfigurationIsVisible = 0;
		};
		21CC06441DCE6A3B00012157 /* Build configuration list for PBXNativeTarget "WebViewAndHiddenStatusBarTests" */ = {
			isa = XCConfigurationList;
			buildConfigurations = (
				21CC06451DCE6A3B00012157 /* Debug */,
				21CC06461DCE6A3B00012157 /* Release */,
			);
			defaultConfigurationIsVisible = 0;
		};
		21CC06471DCE6A3B00012157 /* Build configuration list for PBXNativeTarget "WebViewAndHiddenStatusBarUITests" */ = {
			isa = XCConfigurationList;
			buildConfigurations = (
				21CC06481DCE6A3B00012157 /* Debug */,
				21CC06491DCE6A3B00012157 /* Release */,
			);
			defaultConfigurationIsVisible = 0;
		};
/* End XCConfigurationList section */
	};
	rootObject = 21CC06111DCE6A3B00012157 /* Project object */;
}
